
Microsoft Visual Studio Solution File, Format Version 12.00
# Visual Studio Version 17
VisualStudioVersion = 17.4.32707.430
MinimumVisualStudioVersion = 10.0.40219.1
Project("{9A19103F-16F7-4668-BE54-9A1E7A4F7556}") = "System.Containers", "System.Containers\System.Containers.csproj", "{A85F5917-A1F5-43D2-BDDC-CAE179B15DDE}"
EndProject
Project("{9A19103F-16F7-4668-BE54-9A1E7A4F7556}") = "Test.System.Containers", "Test.System.Containers\Test.System.Containers.csproj", "{E6EE341A-E10A-423C-B3D8-FEEA0942CFA8}"
EndProject
Project("{9A19103F-16F7-4668-BE54-9A1E7A4F7556}") = "Test.System.Containers.Filesystem", "Test.System.Containers.Filesystem\Test.System.Containers.Filesystem.csproj", "{CC249FAD-C24D-4B37-AF8F-FA05D0FD5620}"
EndProject
Project("{FAE04EC0-301F-11D3-BF4B-00C04F79EFBC}") = "System.Containers.Tasks", "System.Containers.Tasks\System.Containers.Tasks.csproj", "{BD3EA8D3-8CEF-4E84-A153-AE4178837739}"
EndProject
Global
	GlobalSection(SolutionConfigurationPlatforms) = preSolution
		Debug|Any CPU = Debug|Any CPU
		Release|Any CPU = Release|Any CPU
	EndGlobalSection
	GlobalSection(ProjectConfigurationPlatforms) = postSolution
		{A85F5917-A1F5-43D2-BDDC-CAE179B15DDE}.Debug|Any CPU.ActiveCfg = Debug|Any CPU
		{A85F5917-A1F5-43D2-BDDC-CAE179B15DDE}.Debug|Any CPU.Build.0 = Debug|Any CPU
		{A85F5917-A1F5-43D2-BDDC-CAE179B15DDE}.Release|Any CPU.ActiveCfg = Release|Any CPU
		{A85F5917-A1F5-43D2-BDDC-CAE179B15DDE}.Release|Any CPU.Build.0 = Release|Any CPU
		{E6EE341A-E10A-423C-B3D8-FEEA0942CFA8}.Debug|Any CPU.ActiveCfg = Debug|Any CPU
		{E6EE341A-E10A-423C-B3D8-FEEA0942CFA8}.Debug|Any CPU.Build.0 = Debug|Any CPU
		{E6EE341A-E10A-423C-B3D8-FEEA0942CFA8}.Release|Any CPU.ActiveCfg = Release|Any CPU
		{E6EE341A-E10A-423C-B3D8-FEEA0942CFA8}.Release|Any CPU.Build.0 = Release|Any CPU
		{CC249FAD-C24D-4B37-AF8F-FA05D0FD5620}.Debug|Any CPU.ActiveCfg = Debug|Any CPU
		{CC249FAD-C24D-4B37-AF8F-FA05D0FD5620}.Debug|Any CPU.Build.0 = Debug|Any CPU
		{CC249FAD-C24D-4B37-AF8F-FA05D0FD5620}.Release|Any CPU.ActiveCfg = Release|Any CPU
		{CC249FAD-C24D-4B37-AF8F-FA05D0FD5620}.Release|Any CPU.Build.0 = Release|Any CPU
		{BD3EA8D3-8CEF-4E84-A153-AE4178837739}.Debug|Any CPU.ActiveCfg = Debug|Any CPU
		{BD3EA8D3-8CEF-4E84-A153-AE4178837739}.Debug|Any CPU.Build.0 = Debug|Any CPU
		{BD3EA8D3-8CEF-4E84-A153-AE4178837739}.Release|Any CPU.ActiveCfg = Release|Any CPU
		{BD3EA8D3-8CEF-4E84-A153-AE4178837739}.Release|Any CPU.Build.0 = Release|Any CPU
	EndGlobalSection
	GlobalSection(SolutionProperties) = preSolution
		HideSolutionNode = FALSE
	EndGlobalSection
	GlobalSection(ExtensibilityGlobals) = postSolution
		SolutionGuid = {BCB99E6F-5414-479C-A178-4E4751304026}
	EndGlobalSection
EndGlobal
